
Microsoft Visual Studio Solution File, Format Version 12.00
# Visual Studio Version 16
VisualStudioVersion = 16.0.31702.278
MinimumVisualStudioVersion = 10.0.40219.1
Project("{FAE04EC0-301F-11D3-BF4B-00C04F79EFBC}") = "dz10", "dz10\dz10.csproj", "{82A5CFD5-8C53-439E-BEA0-54A727C4716B}"
EndProject
Global
	GlobalSection(SolutionConfigurationPlatforms) = preSolution
		Debug|Any CPU = Debug|Any CPU
		Release|Any CPU = Release|Any CPU
	EndGlobalSection
	GlobalSection(ProjectConfigurationPlatforms) = postSolution
		{82A5CFD5-8C53-439E-BEA0-54A727C4716B}.Debug|Any CPU.ActiveCfg = Debug|Any CPU
		{82A5CFD5-8C53-439E-BEA0-54A727C4716B}.Debug|Any CPU.Build.0 = Debug|Any CPU
		{82A5CFD5-8C53-439E-BEA0-54A727C4716B}.Release|Any CPU.ActiveCfg = Release|Any CPU
		{82A5CFD5-8C53-439E-BEA0-54A727C4716B}.Release|Any CPU.Build.0 = Release|Any CPU
	EndGlobalSection
	GlobalSection(SolutionProperties) = preSolution
		HideSolutionNode = FALSE
	EndGlobalSection
	GlobalSection(ExtensibilityGlobals) = postSolution
		SolutionGuid = {3B5EDED1-F621-4235-B1EB-903F9F8A74F8}
	EndGlobalSection
EndGlobal
